
Microsoft Visual Studio Solution File, Format Version 12.00
Project("{FAE04EC0-301F-11D3-BF4B-00C04F79EFBC}") = "RawInputPollingWrapper", "RawInputPollingWrapper\RawInputPollingWrapper.csproj", "{58C7558B-0C7C-45DE-8D8C-2CACF3C6C7FE}"
EndProject
Project("{FAE04EC0-301F-11D3-BF4B-00C04F79EFBC}") = "DXNET.RawInput", "..\..\DXNET\Modules\DXNET.RawInput\DXNET.RawInput.csproj", "{DD5F432C-D6EE-4713-ACFC-42C7AD1780DB}"
EndProject
Project("{FAE04EC0-301F-11D3-BF4B-00C04F79EFBC}") = "DXNET", "..\..\DXNET\DXNET\DXNET.csproj", "{C85CD61B-F090-42DB-97B4-8B09A3B1D55F}"
EndProject
Project("{FAE04EC0-301F-11D3-BF4B-00C04F79EFBC}") = "DXNET.Desktop", "..\..\DXNET\Modules\DXNET.Desktop\DXNET.Desktop.csproj", "{7845E1F6-2991-4A45-8B41-90372264C772}"
EndProject
Global
	GlobalSection(SolutionConfigurationPlatforms) = preSolution
		Debug|Any CPU = Debug|Any CPU
		Release|Any CPU = Release|Any CPU
	EndGlobalSection
	GlobalSection(ProjectConfigurationPlatforms) = postSolution
		{58C7558B-0C7C-45DE-8D8C-2CACF3C6C7FE}.Debug|Any CPU.ActiveCfg = Debug|Any CPU
		{58C7558B-0C7C-45DE-8D8C-2CACF3C6C7FE}.Debug|Any CPU.Build.0 = Debug|Any CPU
		{58C7558B-0C7C-45DE-8D8C-2CACF3C6C7FE}.Release|Any CPU.ActiveCfg = Release|Any CPU
		{58C7558B-0C7C-45DE-8D8C-2CACF3C6C7FE}.Release|Any CPU.Build.0 = Release|Any CPU
		{DD5F432C-D6EE-4713-ACFC-42C7AD1780DB}.Debug|Any CPU.ActiveCfg = Debug|Any CPU
		{DD5F432C-D6EE-4713-ACFC-42C7AD1780DB}.Debug|Any CPU.Build.0 = Debug|Any CPU
		{DD5F432C-D6EE-4713-ACFC-42C7AD1780DB}.Release|Any CPU.ActiveCfg = Release|Any CPU
		{DD5F432C-D6EE-4713-ACFC-42C7AD1780DB}.Release|Any CPU.Build.0 = Release|Any CPU
		{C85CD61B-F090-42DB-97B4-8B09A3B1D55F}.Debug|Any CPU.ActiveCfg = Debug|Any CPU
		{C85CD61B-F090-42DB-97B4-8B09A3B1D55F}.Debug|Any CPU.Build.0 = Debug|Any CPU
		{C85CD61B-F090-42DB-97B4-8B09A3B1D55F}.Release|Any CPU.ActiveCfg = Release|Any CPU
		{C85CD61B-F090-42DB-97B4-8B09A3B1D55F}.Release|Any CPU.Build.0 = Release|Any CPU
		{7845E1F6-2991-4A45-8B41-90372264C772}.Debug|Any CPU.ActiveCfg = Debug|Any CPU
		{7845E1F6-2991-4A45-8B41-90372264C772}.Debug|Any CPU.Build.0 = Debug|Any CPU
		{7845E1F6-2991-4A45-8B41-90372264C772}.Release|Any CPU.ActiveCfg = Release|Any CPU
		{7845E1F6-2991-4A45-8B41-90372264C772}.Release|Any CPU.Build.0 = Release|Any CPU
	EndGlobalSection
EndGlobal
